# This file was autogenerated by Stack.
# You should not edit this file by hand.
# For more information, please see the documentation at:
#   https://docs.haskellstack.org/en/stable/lock_files

packages:
- completed:
    hackage: cli-0.2.0@sha256:82cc2ed5b4af07cffa69f6b2552b32c5e6ba24330d2aed2c55dceb2c4a72805a,1351
    pantry-tree:
      sha256: 1c70b41905cf8169e4ff1b8db222892aecbc61a458d9ee29e84443bacffd71be
      size: 695
  original:
    hackage: cli-0.2.0
- completed:
    hackage: weeder-2.1.3@sha256:db1e3fc56cd4d75bd61f0ebe2af69356cb0e6e3556628365621d5402c4d8acd0,2209
    pantry-tree:
      sha256: f5a227042d770ea9e50e89e7447b14f9db36bfa29ecec3ea4a446271e2bb6e7c
      size: 438
  original:
    hackage: weeder-2.1.3
- completed:
    hackage: currency-codes-3.0.0.1@sha256:a4b24669dd91e805b11d9eb267becd0ba6d726927e535e03d5f3f368f44c1cf4,2902
    pantry-tree:
      sha256: 9802924b7472c67d93312eedbbb49ab250b9651101b27668133b9f5d15dbca78
      size: 548
  original:
    hackage: currency-codes-3.0.0.1
snapshots:
- completed:
    sha256: a10051cd0a0746b49a551c2850f6f3ac09b2b412052e992e98c31b960311e8d2
    size: 623642
    url: https://raw.githubusercontent.com/commercialhaskell/stackage-snapshots/master/nightly/2022/1/2.yaml
  original: nightly-2022-01-02
